github.com/ebitengine/oto/v3 v3.4.0 h1:br0PgASsEWaoWn38b2Goe7m1GKFYfNgnsjSd5Gg+/bQ=
github.com/ebitengine/oto/v3 v3.4.0/go.mod h1:IOleLVD0m+CMak3mRVwsYY8vTctQgOM0iiL6S7Ar7eI=
github.com/ebitengine/purego v0.9.0 h1:mh0zpKBIXDceC63hpvPuGLiJ8ZAa3DfrFTudmfi8A4k=
github.com/ebitengine/purego v0.9.0/go.mod h1:iIjxzd6CiRiOG0UyXP+V1+jWqUXVjPKLAI0mRfJZTmQ=
github.com/go-webgpu/goffi v0.6.3 h1:p4gKGikHBAQ/8iUiew9MV4C5M1ZGIsk8QGFGuJjMj+A=
github.com/go-webgpu/goffi v0.6.3/go.mod h1:wfoxNsJkU+5RFbV1kNN1kunhc1lFHuJKK3zpgx08/uM=
github.com/go-webgpu/webgpu v0.5.5 h1:pIrXzRg0LRlNjNmR+ZNo/ERN88YaObzbCY5oYhir5SA=
github.com/go-webgpu/webgpu v0.5.5/go.mod h1:vgIuNTa1UlZ4njCGY6Pmp/0c5T5o2Ml2fQ0znLc7B98=
github.com/gogpu/gpucontext v0.27.0 h1:iTEN2xcjcEivk6kIwX1mnAvEK2rGCjzGRlfnnn8Uphg=
github.com/gogpu/gpucontext v0.27.0/go.mod h1:OrT137boh5yPhqBEhF4UQKIOu1Jq74SLQzYa/m6JbNo=
github.com/gogpu/gputypes v0.5.2 h1:3sbKI0+XW36Ekd3d4QhkbpdY7gbgMVgp8Q4+ZNdGhtE=
github.com/gogpu/gputypes v0.5.2/go.mod h1:cnXrDMwTpWTvJLW1Vreop3PcT6a2YP/i3s91rPaOavw=
github.com/gogpu/naga v0.18.0 h1:2y83HUcAnlwEZMuHOiYTMdNYM9J8rev40gkI4zJ96Uk=
github.com/gogpu/naga v0.18.0/go.mod h1:15sQaHKkbqXcwTN+hHYGLsA0WBBnkmYzne/eF5p5WEg=
github.com/gogpu/wgpu v0.31.2 h1:AyduRrne97tnIxdvEf0MqB8p2p1n9jjhanQI1FdeS7M=
github.com/gogpu/wgpu v0.31.2/go.mod h1:S1QSiS+iAH7Gio4EdQVnH04An5cSQyogdwisit1+Q6Y=
github.com/jezek/xgb v1.1.1 h1:bE/r8ZZtSv7l9gk6nU0mYx51aXrvnyb44892TwSaqS4=
github.com/jezek/xgb v1.1.1/go.mod h1:nrhwO0FX/enq75I7Y7G8iN1ubpSGZEiA3v9e9GyRFlk=
golang.org/x/image v0.31.0 h1:mLChjE2MV6g1S7oqbXC0/UcKijjm5fnJLUYKIYrLESA=
golang.org/x/image v0.31.0/go.mod h1:R9ec5Lcp96v9FTF+ajwaH3uGxPH4fKfHHAVbUILxghA=
golang.org/x/sys v0.47.0 h1:o7XGOvZQCADBQQ4Y7VNq2dRWQR7JmOUW8Kxx4ZsNgWs=
golang.org/x/sys v0.47.0/go.mod h1:4GL1E5IUh+htKOUEOaiffhrAeqysfVGipDYzABqnCmw=
golang.org/x/text v0.29.0 h1:1neNs90w9YzJ9BocxfsQNHKuAT4pkghyXc4nhZ6sJvk=
golang.org/x/text v0.29.0/go.mod h1:7MhJOA9CD2qZyOKYazxdYMF85OwPdEr9jTtBpO7ydH4=
