1.0.0	ecs	test-ecs	fixtures/ecs-package
1.0.0	effects	test-effects	fixtures/effects-package
1.0.0	networking	test-networking	fixtures/modules
1.0.0	physics	test-box2d	fixtures/physics-package
1.0.0	sdl3	test-sdl	fixtures/external-game
1.0.0	ui	test-ui	fixtures/ui-package
1.0.1	ecs	test-ecs	fixtures/ecs-package
1.0.1	effects	test-effects	fixtures/effects-package
1.0.1	networking	test-networking	fixtures/modules
1.0.1	physics	test-box2d	fixtures/physics-package
1.0.1	sdl3	test-sdl	fixtures/external-game
1.0.1	ui	test-ui	fixtures/ui-package
